
Microsoft Visual Studio Solution File, Format Version 12.00
# Visual Studio Version 17
VisualStudioVersion = 17.7.34009.444
MinimumVisualStudioVersion = 10.0.40219.1
Project("{9A19103F-16F7-4668-BE54-9A1E7A4F7556}") = "TmdbMovieService", "TmdbMovieService\TmdbMovieService.csproj", "{7B5EE1D3-CECD-4559-A9E5-F3072AD2BDA5}"
EndProject
Project("{FAE04EC0-301F-11D3-BF4B-00C04F79EFBC}") = "TmdbMovieService.BusinessLayer", "TmdbMovieService.BusinessLayer\TmdbMovieService.BusinessLayer.csproj", "{3131988E-A2F2-419F-A63F-3F09C9BC72D0}"
EndProject
Project("{FAE04EC0-301F-11D3-BF4B-00C04F79EFBC}") = "TmdbMovieService.EntityLayer", "TmdbMovieService.EntityLayer\TmdbMovieService.EntityLayer.csproj", "{5263D656-93FC-47A1-BD1A-D808AA88CE9A}"
EndProject
Project("{FAE04EC0-301F-11D3-BF4B-00C04F79EFBC}") = "TmdbMovie.DataAccessLayer", "TmdbMovie.DataAccessLayer\TmdbMovie.DataAccessLayer.csproj", "{5FA508C2-EF61-48D2-A351-C271F38F0986}"
EndProject
Global
	GlobalSection(SolutionConfigurationPlatforms) = preSolution
		Debug|Any CPU = Debug|Any CPU
		Release|Any CPU = Release|Any CPU
	EndGlobalSection
	GlobalSection(ProjectConfigurationPlatforms) = postSolution
		{7B5EE1D3-CECD-4559-A9E5-F3072AD2BDA5}.Debug|Any CPU.ActiveCfg = Debug|Any CPU
		{7B5EE1D3-CECD-4559-A9E5-F3072AD2BDA5}.Debug|Any CPU.Build.0 = Debug|Any CPU
		{7B5EE1D3-CECD-4559-A9E5-F3072AD2BDA5}.Release|Any CPU.ActiveCfg = Release|Any CPU
		{7B5EE1D3-CECD-4559-A9E5-F3072AD2BDA5}.Release|Any CPU.Build.0 = Release|Any CPU
		{3131988E-A2F2-419F-A63F-3F09C9BC72D0}.Debug|Any CPU.ActiveCfg = Debug|Any CPU
		{3131988E-A2F2-419F-A63F-3F09C9BC72D0}.Debug|Any CPU.Build.0 = Debug|Any CPU
		{3131988E-A2F2-419F-A63F-3F09C9BC72D0}.Release|Any CPU.ActiveCfg = Release|Any CPU
		{3131988E-A2F2-419F-A63F-3F09C9BC72D0}.Release|Any CPU.Build.0 = Release|Any CPU
		{5263D656-93FC-47A1-BD1A-D808AA88CE9A}.Debug|Any CPU.ActiveCfg = Debug|Any CPU
		{5263D656-93FC-47A1-BD1A-D808AA88CE9A}.Debug|Any CPU.Build.0 = Debug|Any CPU
		{5263D656-93FC-47A1-BD1A-D808AA88CE9A}.Release|Any CPU.ActiveCfg = Release|Any CPU
		{5263D656-93FC-47A1-BD1A-D808AA88CE9A}.Release|Any CPU.Build.0 = Release|Any CPU
		{5FA508C2-EF61-48D2-A351-C271F38F0986}.Debug|Any CPU.ActiveCfg = Debug|Any CPU
		{5FA508C2-EF61-48D2-A351-C271F38F0986}.Debug|Any CPU.Build.0 = Debug|Any CPU
		{5FA508C2-EF61-48D2-A351-C271F38F0986}.Release|Any CPU.ActiveCfg = Release|Any CPU
		{5FA508C2-EF61-48D2-A351-C271F38F0986}.Release|Any CPU.Build.0 = Release|Any CPU
	EndGlobalSection
	GlobalSection(SolutionProperties) = preSolution
		HideSolutionNode = FALSE
	EndGlobalSection
	GlobalSection(ExtensibilityGlobals) = postSolution
		SolutionGuid = {69536552-5402-4391-A683-C4DBA8B99D98}
	EndGlobalSection
EndGlobal
